// !$*UTF8*$!
{
	archiveVersion = 1;
	classes = {
	};
	objectVersion = 51;
	objects = {

/* Begin PBXBuildFile section */
		25A03C48AB24BCA17EE320FA /* Pods_Parse_Chat.framework in Frameworks */ = {isa = PBXBuildFile; fileRef = 2903F4284EBBB4AAEC42250B /* Pods_Parse_Chat.framework */; };
		7F01E5C624B38459007284A1 /* AppDelegate.m in Sources */ = {isa = PBXBuildFile; fileRef = 7F01E5C524B38459007284A1 /* AppDelegate.m */; };
		7F01E5C924B38459007284A1 /* SceneDelegate.m in Sources */ = {isa = PBXBuildFile; fileRef = 7F01E5C824B38459007284A1 /* SceneDelegate.m */; };
		7F01E5CC24B38459007284A1 /* ViewController.m in Sources */ = {isa = PBXBuildFile; fileRef = 7F01E5CB24B38459007284A1 /* ViewController.m */; };
		7F01E5CF24B38459007284A1 /* Main.storyboard in Resources */ = {isa = PBXBuildFile; fileRef = 7F01E5CD24B38459007284A1 /* Main.storyboard */; };
		7F01E5D124B3845A007284A1 /* Assets.xcassets in Resources */ = {isa = PBXBuildFile; fileRef = 7F01E5D024B3845A007284A1 /* Assets.xcassets */; };
		7F01E5D424B3845A007284A1 /* LaunchScreen.storyboard in Resources */ = {isa = PBXBuildFile; fileRef = 7F01E5D224B3845A007284A1 /* LaunchScreen.storyboard */; };
		7F01E5D724B3845A007284A1 /* main.m in Sources */ = {isa = PBXBuildFile; fileRef = 7F01E5D624B3845A007284A1 /* main.m */; };
		7F01E5E124B3845A007284A1 /* Parse_ChatTests.m in Sources */ = {isa = PBXBuildFile; fileRef = 7F01E5E024B3845A007284A1 /* Parse_ChatTests.m */; };
		7F01E5EC24B3845A007284A1 /* Parse_ChatUITests.m in Sources */ = {isa = PBXBuildFile; fileRef = 7F01E5EB24B3845A007284A1 /* Parse_ChatUITests.m */; };
		7F01E5FB24B38706007284A1 /* LoginViewController.m in Sources */ = {isa = PBXBuildFile; fileRef = 7F01E5FA24B38706007284A1 /* LoginViewController.m */; };
		AA441F10D592CF0A275B2FAA /* Pods_Parse_Chat_Parse_ChatUITests.framework in Frameworks */ = {isa = PBXBuildFile; fileRef = 1D82C7ED9219948E575728A4 /* Pods_Parse_Chat_Parse_ChatUITests.framework */; };
		EA89EE695A3A6D48ABBDA93D /* Pods_Parse_ChatTests.framework in Frameworks */ = {isa = PBXBuildFile; fileRef = 1646C2FAD73B411ABAAB8E4C /* Pods_Parse_ChatTests.framework */; };
/* End PBXBuildFile section */

/* Begin PBXContainerItemProxy section */
		7F01E5DD24B3845A007284A1 /* PBXContainerItemProxy */ = {
			isa = PBXContainerItemProxy;
			containerPortal = 7F01E5B924B38459007284A1 /* Project object */;
			proxyType = 1;
			remoteGlobalIDString = 7F01E5C024B38459007284A1;
			remoteInfo = "Parse Chat";
		};
		7F01E5E824B3845A007284A1 /* PBXContainerItemProxy */ = {
			isa = PBXContainerItemProxy;
			containerPortal = 7F01E5B924B38459007284A1 /* Project object */;
			proxyType = 1;
			remoteGlobalIDString = 7F01E5C024B38459007284A1;
			remoteInfo = "Parse Chat";
		};
/* End PBXContainerItemProxy section */

/* Begin PBXFileReference section */
		09B932D715A7EC53CA3D4237 /* Pods-Parse ChatTests.release.xcconfig */ = {isa = PBXFileReference; includeInIndex = 1; lastKnownFileType = text.xcconfig; name = "Pods-Parse ChatTests.release.xcconfig"; path = "Target Support Files/Pods-Parse ChatTests/Pods-Parse ChatTests.release.xcconfig"; sourceTree = "<group>"; };
		1646C2FAD73B411ABAAB8E4C /* Pods_Parse_ChatTests.framework */ = {isa = PBXFileReference; explicitFileType = wrapper.framework; includeInIndex = 0; path = Pods_Parse_ChatTests.framework; sourceTree = BUILT_PRODUCTS_DIR; };
		1D82C7ED9219948E575728A4 /* Pods_Parse_Chat_Parse_ChatUITests.framework */ = {isa = PBXFileReference; explicitFileType = wrapper.framework; includeInIndex = 0; path = Pods_Parse_Chat_Parse_ChatUITests.framework; sourceTree = BUILT_PRODUCTS_DIR; };
		2903F4284EBBB4AAEC42250B /* Pods_Parse_Chat.framework */ = {isa = PBXFileReference; explicitFileType = wrapper.framework; includeInIndex = 0; path = Pods_Parse_Chat.framework; sourceTree = BUILT_PRODUCTS_DIR; };
		5988767BAF9E92E8837C982B /* Pods-Parse Chat-Parse ChatUITests.release.xcconfig */ = {isa = PBXFileReference; includeInIndex = 1; lastKnownFileType = text.xcconfig; name = "Pods-Parse Chat-Parse ChatUITests.release.xcconfig"; path = "Target Support Files/Pods-Parse Chat-Parse ChatUITests/Pods-Parse Chat-Parse ChatUITests.release.xcconfig"; sourceTree = "<group>"; };
		7F01E5C124B38459007284A1 /* Parse Chat.app */ = {isa = PBXFileReference; explicitFileType = wrapper.application; includeInIndex = 0; path = "Parse Chat.app"; sourceTree = BUILT_PRODUCTS_DIR; };
		7F01E5C424B38459007284A1 /* AppDelegate.h */ = {isa = PBXFileReference; lastKnownFileType = sourcecode.c.h; path = AppDelegate.h; sourceTree = "<group>"; };
		7F01E5C524B38459007284A1 /* AppDelegate.m */ = {isa = PBXFileReference; lastKnownFileType = sourcecode.c.objc; path = AppDelegate.m; sourceTree = "<group>"; };
		7F01E5C724B38459007284A1 /* SceneDelegate.h */ = {isa = PBXFileReference; lastKnownFileType = sourcecode.c.h; path = SceneDelegate.h; sourceTree = "<group>"; };
		7F01E5C824B38459007284A1 /* SceneDelegate.m */ = {isa = PBXFileReference; lastKnownFileType = sourcecode.c.objc; path = SceneDelegate.m; sourceTree = "<group>"; };
		7F01E5CA24B38459007284A1 /* ViewController.h */ = {isa = PBXFileReference; lastKnownFileType = sourcecode.c.h; path = ViewController.h; sourceTree = "<group>"; };
		7F01E5CB24B38459007284A1 /* ViewController.m */ = {isa = PBXFileReference; lastKnownFileType = sourcecode.c.objc; path = ViewController.m; sourceTree = "<group>"; };
		7F01E5CE24B38459007284A1 /* Base */ = {isa = PBXFileReference; lastKnownFileType = file.storyboard; name = Base; path = Base.lproj/Main.storyboard; sourceTree = "<group>"; };
		7F01E5D024B3845A007284A1 /* Assets.xcassets */ = {isa = PBXFileReference; lastKnownFileType = folder.assetcatalog; path = Assets.xcassets; sourceTree = "<group>"; };
		7F01E5D324B3845A007284A1 /* Base */ = {isa = PBXFileReference; lastKnownFileType = file.storyboard; name = Base; path = Base.lproj/LaunchScreen.storyboard; sourceTree = "<group>"; };
		7F01E5D524B3845A007284A1 /* Info.plist */ = {isa = PBXFileReference; lastKnownFileType = text.plist.xml; path = Info.plist; sourceTree = "<group>"; };
		7F01E5D624B3845A007284A1 /* main.m */ = {isa = PBXFileReference; lastKnownFileType = sourcecode.c.objc; path = main.m; sourceTree = "<group>"; };
		7F01E5DC24B3845A007284A1 /* Parse ChatTests.xctest */ = {isa = PBXFileReference; explicitFileType = wrapper.cfbundle; includeInIndex = 0; path = "Parse ChatTests.xctest"; sourceTree = BUILT_PRODUCTS_DIR; };
		7F01E5E024B3845A007284A1 /* Parse_ChatTests.m */ = {isa = PBXFileReference; lastKnownFileType = sourcecode.c.objc; path = Parse_ChatTests.m; sourceTree = "<group>"; };
		7F01E5E224B3845A007284A1 /* Info.plist */ = {isa = PBXFileReference; lastKnownFileType = text.plist.xml; path = Info.plist; sourceTree = "<group>"; };
		7F01E5E724B3845A007284A1 /* Parse ChatUITests.xctest */ = {isa = PBXFileReference; explicitFileType = wrapper.cfbundle; includeInIndex = 0; path = "Parse ChatUITests.xctest"; sourceTree = BUILT_PRODUCTS_DIR; };
		7F01E5EB24B3845A007284A1 /* Parse_ChatUITests.m */ = {isa = PBXFileReference; lastKnownFileType = sourcecode.c.objc; path = Parse_ChatUITests.m; sourceTree = "<group>"; };
		7F01E5ED24B3845A007284A1 /* Info.plist */ = {isa = PBXFileReference; lastKnownFileType = text.plist.xml; path = Info.plist; sourceTree = "<group>"; };
		7F01E5F924B38706007284A1 /* LoginViewController.h */ = {isa = PBXFileReference; lastKnownFileType = sourcecode.c.h; path = LoginViewController.h; sourceTree = "<group>"; };
		7F01E5FA24B38706007284A1 /* LoginViewController.m */ = {isa = PBXFileReference; lastKnownFileType = sourcecode.c.objc; path = LoginViewController.m; sourceTree = "<group>"; };
		995A50CEA5C56B7E6B82D2CB /* Pods-Parse Chat-Parse ChatUITests.debug.xcconfig */ = {isa = PBXFileReference; includeInIndex = 1; lastKnownFileType = text.xcconfig; name = "Pods-Parse Chat-Parse ChatUITests.debug.xcconfig"; path = "Target Support Files/Pods-Parse Chat-Parse ChatUITests/Pods-Parse Chat-Parse ChatUITests.debug.xcconfig"; sourceTree = "<group>"; };
		C16E43CE39ECBE4F5E76FF9B /* Pods-Parse Chat.release.xcconfig */ = {isa = PBXFileReference; includeInIndex = 1; lastKnownFileType = text.xcconfig; name = "Pods-Parse Chat.release.xcconfig"; path = "Target Support Files/Pods-Parse Chat/Pods-Parse Chat.release.xcconfig"; sourceTree = "<group>"; };
		E817F1AD13F7C05D838B8912 /* Pods-Parse Chat.debug.xcconfig */ = {isa = PBXFileReference; includeInIndex = 1; lastKnownFileType = text.xcconfig; name = "Pods-Parse Chat.debug.xcconfig"; path = "Target Support Files/Pods-Parse Chat/Pods-Parse Chat.debug.xcconfig"; sourceTree = "<group>"; };
		EE9F652784138A7835882C7C /* Pods-Parse ChatTests.debug.xcconfig */ = {isa = PBXFileReference; includeInIndex = 1; lastKnownFileType = text.xcconfig; name = "Pods-Parse ChatTests.debug.xcconfig"; path = "Target Support Files/Pods-Parse ChatTests/Pods-Parse ChatTests.debug.xcconfig"; sourceTree = "<group>"; };
/* End PBXFileReference section */

/* Begin PBXFrameworksBuildPhase section */
		7F01E5BE24B38459007284A1 /* Frameworks */ = {
			isa = PBXFrameworksBuildPhase;
			buildActionMask = 2147483647;
			files = (
				25A03C48AB24BCA17EE320FA /* Pods_Parse_Chat.framework in Frameworks */,
			);
			runOnlyForDeploymentPostprocessing = 0;
		};
		7F01E5D924B3845A007284A1 /* Frameworks */ = {
			isa = PBXFrameworksBuildPhase;
			buildActionMask = 2147483647;
			files = (
				EA89EE695A3A6D48ABBDA93D /* Pods_Parse_ChatTests.framework in Frameworks */,
			);
			runOnlyForDeploymentPostprocessing = 0;
		};
		7F01E5E424B3845A007284A1 /* Frameworks */ = {
			isa = PBXFrameworksBuildPhase;
			buildActionMask = 2147483647;
			files = (
				AA441F10D592CF0A275B2FAA /* Pods_Parse_Chat_Parse_ChatUITests.framework in Frameworks */,
			);
			runOnlyForDeploymentPostprocessing = 0;
		};
/* End PBXFrameworksBuildPhase section */

/* Begin PBXGroup section */
		60BCD8C00857712F422DA070 /* Frameworks */ = {
			isa = PBXGroup;
			children = (
				2903F4284EBBB4AAEC42250B /* Pods_Parse_Chat.framework */,
				1D82C7ED9219948E575728A4 /* Pods_Parse_Chat_Parse_ChatUITests.framework */,
				1646C2FAD73B411ABAAB8E4C /* Pods_Parse_ChatTests.framework */,
			);
			name = Frameworks;
			sourceTree = "<group>";
		};
		7F01E5B824B38459007284A1 = {
			isa = PBXGroup;
			children = (
				7F01E5C324B38459007284A1 /* Parse Chat */,
				7F01E5DF24B3845A007284A1 /* Parse ChatTests */,
				7F01E5EA24B3845A007284A1 /* Parse ChatUITests */,
				7F01E5C224B38459007284A1 /* Products */,
				F141C1C188C09C8721E3F0F6 /* Pods */,
				60BCD8C00857712F422DA070 /* Frameworks */,
			);
			sourceTree = "<group>";
		};
		7F01E5C224B38459007284A1 /* Products */ = {
			isa = PBXGroup;
			children = (
				7F01E5C124B38459007284A1 /* Parse Chat.app */,
				7F01E5DC24B3845A007284A1 /* Parse ChatTests.xctest */,
				7F01E5E724B3845A007284A1 /* Parse ChatUITests.xctest */,
			);
			name = Products;
			sourceTree = "<group>";
		};
		7F01E5C324B38459007284A1 /* Parse Chat */ = {
			isa = PBXGroup;
			children = (
				7F01E5C424B38459007284A1 /* AppDelegate.h */,
				7F01E5C524B38459007284A1 /* AppDelegate.m */,
				7F01E5C724B38459007284A1 /* SceneDelegate.h */,
				7F01E5C824B38459007284A1 /* SceneDelegate.m */,
				7F01E5CA24B38459007284A1 /* ViewController.h */,
				7F01E5CB24B38459007284A1 /* ViewController.m */,
				7F01E5CD24B38459007284A1 /* Main.storyboard */,
				7F01E5F924B38706007284A1 /* LoginViewController.h */,
				7F01E5FA24B38706007284A1 /* LoginViewController.m */,
				7F01E5D024B3845A007284A1 /* Assets.xcassets */,
				7F01E5D224B3845A007284A1 /* LaunchScreen.storyboard */,
				7F01E5D524B3845A007284A1 /* Info.plist */,
				7F01E5D624B3845A007284A1 /* main.m */,
			);
			path = "Parse Chat";
			sourceTree = "<group>";
		};
		7F01E5DF24B3845A007284A1 /* Parse ChatTests */ = {
			isa = PBXGroup;
			children = (
				7F01E5E024B3845A007284A1 /* Parse_ChatTests.m */,
				7F01E5E224B3845A007284A1 /* Info.plist */,
			);
			path = "Parse ChatTests";
			sourceTree = "<group>";
		};
		7F01E5EA24B3845A007284A1 /* Parse ChatUITests */ = {
			isa = PBXGroup;
			children = (
				7F01E5EB24B3845A007284A1 /* Parse_ChatUITests.m */,
				7F01E5ED24B3845A007284A1 /* Info.plist */,
			);
			path = "Parse ChatUITests";
			sourceTree = "<group>";
		};
		F141C1C188C09C8721E3F0F6 /* Pods */ = {
			isa = PBXGroup;
			children = (
				E817F1AD13F7C05D838B8912 /* Pods-Parse Chat.debug.xcconfig */,
				C16E43CE39ECBE4F5E76FF9B /* Pods-Parse Chat.release.xcconfig */,
				995A50CEA5C56B7E6B82D2CB /* Pods-Parse Chat-Parse ChatUITests.debug.xcconfig */,
				5988767BAF9E92E8837C982B /* Pods-Parse Chat-Parse ChatUITests.release.xcconfig */,
				EE9F652784138A7835882C7C /* Pods-Parse ChatTests.debug.xcconfig */,
				09B932D715A7EC53CA3D4237 /* Pods-Parse ChatTests.release.xcconfig */,
			);
			path = Pods;
			sourceTree = "<group>";
		};
/* End PBXGroup section */

/* Begin PBXNativeTarget section */
		7F01E5C024B38459007284A1 /* Parse Chat */ = {
			isa = PBXNativeTarget;
			buildConfigurationList = 7F01E5F024B3845A007284A1 /* Build configuration list for PBXNativeTarget "Parse Chat" */;
			buildPhases = (
				0D106695AC6343D67263EA32 /* [CP] Check Pods Manifest.lock */,
				7F01E5BD24B38459007284A1 /* Sources */,
				7F01E5BE24B38459007284A1 /* Frameworks */,
				7F01E5BF24B38459007284A1 /* Resources */,
				94F243781B966079754F119D /* [CP] Embed Pods Frameworks */,
			);
			buildRules = (
			);
			dependencies = (
			);
			name = "Parse Chat";
			productName = "Parse Chat";
			productReference = 7F01E5C124B38459007284A1 /* Parse Chat.app */;
			productType = "com.apple.product-type.application";
		};
		7F01E5DB24B3845A007284A1 /* Parse ChatTests */ = {
			isa = PBXNativeTarget;
			buildConfigurationList = 7F01E5F324B3845A007284A1 /* Build configuration list for PBXNativeTarget "Parse ChatTests" */;
			buildPhases = (
				DB656309D8D57CFA6F49A3FF /* [CP] Check Pods Manifest.lock */,
				7F01E5D824B3845A007284A1 /* Sources */,
				7F01E5D924B3845A007284A1 /* Frameworks */,
				7F01E5DA24B3845A007284A1 /* Resources */,
			);
			buildRules = (
			);
			dependencies = (
				7F01E5DE24B3845A007284A1 /* PBXTargetDependency */,
			);
			name = "Parse ChatTests";
			productName = "Parse ChatTests";
			productReference = 7F01E5DC24B3845A007284A1 /* Parse ChatTests.xctest */;
			productType = "com.apple.product-type.bundle.unit-test";
		};
		7F01E5E624B3845A007284A1 /* Parse ChatUITests */ = {
			isa = PBXNativeTarget;
			buildConfigurationList = 7F01E5F624B3845A007284A1 /* Build configuration list for PBXNativeTarget "Parse ChatUITests" */;
			buildPhases = (
				C2F13FB1D90C563B6E03E683 /* [CP] Check Pods Manifest.lock */,
				7F01E5E324B3845A007284A1 /* Sources */,
				7F01E5E424B3845A007284A1 /* Frameworks */,
				7F01E5E524B3845A007284A1 /* Resources */,
				63FA9F553A095737F39C575D /* [CP] Embed Pods Frameworks */,
			);
			buildRules = (
			);
			dependencies = (
				7F01E5E924B3845A007284A1 /* PBXTargetDependency */,
			);
			name = "Parse ChatUITests";
			productName = "Parse ChatUITests";
			productReference = 7F01E5E724B3845A007284A1 /* Parse ChatUITests.xctest */;
			productType = "com.apple.product-type.bundle.ui-testing";
		};
/* End PBXNativeTarget section */

/* Begin PBXProject section */
		7F01E5B924B38459007284A1 /* Project object */ = {
			isa = PBXProject;
			attributes = {
				LastUpgradeCheck = 1150;
				ORGANIZATIONNAME = brm14;
				TargetAttributes = {
					7F01E5C024B38459007284A1 = {
						CreatedOnToolsVersion = 11.5;
					};
					7F01E5DB24B3845A007284A1 = {
						CreatedOnToolsVersion = 11.5;
						TestTargetID = 7F01E5C024B38459007284A1;
					};
					7F01E5E624B3845A007284A1 = {
						CreatedOnToolsVersion = 11.5;
						TestTargetID = 7F01E5C024B38459007284A1;
					};
				};
			};
			buildConfigurationList = 7F01E5BC24B38459007284A1 /* Build configuration list for PBXProject "Parse Chat" */;
			compatibilityVersion = "Xcode 9.3";
			developmentRegion = en;
			hasScannedForEncodings = 0;
			knownRegions = (
				en,
				Base,
			);
			mainGroup = 7F01E5B824B38459007284A1;
			productRefGroup = 7F01E5C224B38459007284A1 /* Products */;
			projectDirPath = "";
			projectRoot = "";
			targets = (
				7F01E5C024B38459007284A1 /* Parse Chat */,
				7F01E5DB24B3845A007284A1 /* Parse ChatTests */,
				7F01E5E624B3845A007284A1 /* Parse ChatUITests */,
			);
		};
/* End PBXProject section */

/* Begin PBXResourcesBuildPhase section */
		7F01E5BF24B38459007284A1 /* Resources */ = {
			isa = PBXResourcesBuildPhase;
			buildActionMask = 2147483647;
			files = (
				7F01E5D424B3845A007284A1 /* LaunchScreen.storyboard in Resources */,
				7F01E5D124B3845A007284A1 /* Assets.xcassets in Resources */,
				7F01E5CF24B38459007284A1 /* Main.storyboard in Resources */,
			);
			runOnlyForDeploymentPostprocessing = 0;
		};
		7F01E5DA24B3845A007284A1 /* Resources */ = {
			isa = PBXResourcesBuildPhase;
			buildActionMask = 2147483647;
			files = (
			);
			runOnlyForDeploymentPostprocessing = 0;
		};
		7F01E5E524B3845A007284A1 /* Resources */ = {
			isa = PBXResourcesBuildPhase;
			buildActionMask = 2147483647;
			files = (
			);
			runOnlyForDeploymentPostprocessing = 0;
		};
/* End PBXResourcesBuildPhase section */

/* Begin PBXShellScriptBuildPhase section */
		0D106695AC6343D67263EA32 /* [CP] Check Pods Manifest.lock */ = {
			isa = PBXShellScriptBuildPhase;
			buildActionMask = 2147483647;
			files = (
			);
			inputFileListPaths = (
			);
			inputPaths = (
				"${PODS_PODFILE_DIR_PATH}/Podfile.lock",
				"${PODS_ROOT}/Manifest.lock",
			);
			name = "[CP] Check Pods Manifest.lock";
			outputFileListPaths = (
			);
			outputPaths = (
				"$(DERIVED_FILE_DIR)/Pods-Parse Chat-checkManifestLockResult.txt",
			);
			runOnlyForDeploymentPostprocessing = 0;
			shellPath = /bin/sh;
			shellScript = "diff \"${PODS_PODFILE_DIR_PATH}/Podfile.lock\" \"${PODS_ROOT}/Manifest.lock\" > /dev/null\nif [ $? != 0 ] ; then\n    # print error to STDERR\n    echo \"error: The sandbox is not in sync with the Podfile.lock. Run 'pod install' or update your CocoaPods installation.\" >&2\n    exit 1\nfi\n# This output is used by Xcode 'outputs' to avoid re-running this script phase.\necho \"SUCCESS\" > \"${SCRIPT_OUTPUT_FILE_0}\"\n";
			showEnvVarsInLog = 0;
		};
		63FA9F553A095737F39C575D /* [CP] Embed Pods Frameworks */ = {
			isa = PBXShellScriptBuildPhase;
			buildActionMask = 2147483647;
			files = (
			);
			inputFileListPaths = (
				"${PODS_ROOT}/Target Support Files/Pods-Parse Chat-Parse ChatUITests/Pods-Parse Chat-Parse ChatUITests-frameworks-${CONFIGURATION}-input-files.xcfilelist",
			);
			name = "[CP] Embed Pods Frameworks";
			outputFileListPaths = (
				"${PODS_ROOT}/Target Support Files/Pods-Parse Chat-Parse ChatUITests/Pods-Parse Chat-Parse ChatUITests-frameworks-${CONFIGURATION}-output-files.xcfilelist",
			);
			runOnlyForDeploymentPostprocessing = 0;
			shellPath = /bin/sh;
			shellScript = "\"${PODS_ROOT}/Target Support Files/Pods-Parse Chat-Parse ChatUITests/Pods-Parse Chat-Parse ChatUITests-frameworks.sh\"\n";
			showEnvVarsInLog = 0;
		};
		94F243781B966079754F119D /* [CP] Embed Pods Frameworks */ = {
			isa = PBXShellScriptBuildPhase;
			buildActionMask = 2147483647;
			files = (
			);
			inputFileListPaths = (
				"${PODS_ROOT}/Target Support Files/Pods-Parse Chat/Pods-Parse Chat-frameworks-${CONFIGURATION}-input-files.xcfilelist",
			);
			name = "[CP] Embed Pods Frameworks";
			outputFileListPaths = (
				"${PODS_ROOT}/Target Support Files/Pods-Parse Chat/Pods-Parse Chat-frameworks-${CONFIGURATION}-output-files.xcfilelist",
			);
			runOnlyForDeploymentPostprocessing = 0;
			shellPath = /bin/sh;
			shellScript = "\"${PODS_ROOT}/Target Support Files/Pods-Parse Chat/Pods-Parse Chat-frameworks.sh\"\n";
			showEnvVarsInLog = 0;
		};
		C2F13FB1D90C563B6E03E683 /* [CP] Check Pods Manifest.lock */ = {
			isa = PBXShellScriptBuildPhase;
			buildActionMask = 2147483647;
			files = (
			);
			inputFileListPaths = (
			);
			inputPaths = (
				"${PODS_PODFILE_DIR_PATH}/Podfile.lock",
				"${PODS_ROOT}/Manifest.lock",
			);
			name = "[CP] Check Pods Manifest.lock";
			outputFileListPaths = (
			);
			outputPaths = (
				"$(DERIVED_FILE_DIR)/Pods-Parse Chat-Parse ChatUITests-checkManifestLockResult.txt",
			);
			runOnlyForDeploymentPostprocessing = 0;
			shellPath = /bin/sh;
			shellScript = "diff \"${PODS_PODFILE_DIR_PATH}/Podfile.lock\" \"${PODS_ROOT}/Manifest.lock\" > /dev/null\nif [ $? != 0 ] ; then\n    # print error to STDERR\n    echo \"error: The sandbox is not in sync with the Podfile.lock. Run 'pod install' or update your CocoaPods installation.\" >&2\n    exit 1\nfi\n# This output is used by Xcode 'outputs' to avoid re-running this script phase.\necho \"SUCCESS\" > \"${SCRIPT_OUTPUT_FILE_0}\"\n";
			showEnvVarsInLog = 0;
		};
		DB656309D8D57CFA6F49A3FF /* [CP] Check Pods Manifest.lock */ = {
			isa = PBXShellScriptBuildPhase;
			buildActionMask = 2147483647;
			files = (
			);
			inputFileListPaths = (
			);
			inputPaths = (
				"${PODS_PODFILE_DIR_PATH}/Podfile.lock",
				"${PODS_ROOT}/Manifest.lock",
			);
			name = "[CP] Check Pods Manifest.lock";
			outputFileListPaths = (
			);
			outputPaths = (
				"$(DERIVED_FILE_DIR)/Pods-Parse ChatTests-checkManifestLockResult.txt",
			);
			runOnlyForDeploymentPostprocessing = 0;
			shellPath = /bin/sh;
			shellScript = "diff \"${PODS_PODFILE_DIR_PATH}/Podfile.lock\" \"${PODS_ROOT}/Manifest.lock\" > /dev/null\nif [ $? != 0 ] ; then\n    # print error to STDERR\n    echo \"error: The sandbox is not in sync with the Podfile.lock. Run 'pod install' or update your CocoaPods installation.\" >&2\n    exit 1\nfi\n# This output is used by Xcode 'outputs' to avoid re-running this script phase.\necho \"SUCCESS\" > \"${SCRIPT_OUTPUT_FILE_0}\"\n";
			showEnvVarsInLog = 0;
		};
/* End PBXShellScriptBuildPhase section */

/* Begin PBXSourcesBuildPhase section */
		7F01E5BD24B38459007284A1 /* Sources */ = {
			isa = PBXSourcesBuildPhase;
			buildActionMask = 2147483647;
			files = (
				7F01E5CC24B38459007284A1 /* ViewController.m in Sources */,
				7F01E5C624B38459007284A1 /* AppDelegate.m in Sources */,
				7F01E5D724B3845A007284A1 /* main.m in Sources */,
				7F01E5C924B38459007284A1 /* SceneDelegate.m in Sources */,
				7F01E5FB24B38706007284A1 /* LoginViewController.m in Sources */,
			);
			runOnlyForDeploymentPostprocessing = 0;
		};
		7F01E5D824B3845A007284A1 /* Sources */ = {
			isa = PBXSourcesBuildPhase;
			buildActionMask = 2147483647;
			files = (
				7F01E5E124B3845A007284A1 /* Parse_ChatTests.m in Sources */,
			);
			runOnlyForDeploymentPostprocessing = 0;
		};
		7F01E5E324B3845A007284A1 /* Sources */ = {
			isa = PBXSourcesBuildPhase;
			buildActionMask = 2147483647;
			files = (
				7F01E5EC24B3845A007284A1 /* Parse_ChatUITests.m in Sources */,
			);
			runOnlyForDeploymentPostprocessing = 0;
		};
/* End PBXSourcesBuildPhase section */

/* Begin PBXTargetDependency section */
		7F01E5DE24B3845A007284A1 /* PBXTargetDependency */ = {
			isa = PBXTargetDependency;
			target = 7F01E5C024B38459007284A1 /* Parse Chat */;
			targetProxy = 7F01E5DD24B3845A007284A1 /* PBXContainerItemProxy */;
		};
		7F01E5E924B3845A007284A1 /* PBXTargetDependency */ = {
			isa = PBXTargetDependency;
			target = 7F01E5C024B38459007284A1 /* Parse Chat */;
			targetProxy = 7F01E5E824B3845A007284A1 /* PBXContainerItemProxy */;
		};
/* End PBXTargetDependency section */

/* Begin PBXVariantGroup section */
		7F01E5CD24B38459007284A1 /* Main.storyboard */ = {
			isa = PBXVariantGroup;
			children = (
				7F01E5CE24B38459007284A1 /* Base */,
			);
			name = Main.storyboard;
			sourceTree = "<group>";
		};
		7F01E5D224B3845A007284A1 /* LaunchScreen.storyboard */ = {
			isa = PBXVariantGroup;
			children = (
				7F01E5D324B3845A007284A1 /* Base */,
			);
			name = LaunchScreen.storyboard;
			sourceTree = "<group>";
		};
/* End PBXVariantGroup section */

/* Begin XCBuildConfiguration section */
		7F01E5EE24B3845A007284A1 /* Debug */ = {
			isa = XCBuildConfiguration;
			buildSettings = {
				ALWAYS_SEARCH_USER_PATHS = NO;
				CLANG_ANALYZER_NONNULL = YES;
				CLANG_ANALYZER_NUMBER_OBJECT_CONVERSION = YES_AGGRESSIVE;
				CLANG_CXX_LANGUAGE_STANDARD = "gnu++14";
				CLANG_CXX_LIBRARY = "libc++";
				CLANG_ENABLE_MODULES = YES;
				CLANG_ENABLE_OBJC_ARC = YES;
				CLANG_ENABLE_OBJC_WEAK = YES;
				CLANG_WARN_BLOCK_CAPTURE_AUTORELEASING = YES;
				CLANG_WARN_BOOL_CONVERSION = YES;
				CLANG_WARN_COMMA = YES;
				CLANG_WARN_CONSTANT_CONVERSION = YES;
				CLANG_WARN_DEPRECATED_OBJC_IMPLEMENTATIONS = YES;
				CLANG_WARN_DIRECT_OBJC_ISA_USAGE = YES_ERROR;
				CLANG_WARN_DOCUMENTATION_COMMENTS = YES;
				CLANG_WARN_EMPTY_BODY = YES;
				CLANG_WARN_ENUM_CONVERSION = YES;
				CLANG_WARN_INFINITE_RECURSION = YES;
				CLANG_WARN_INT_CONVERSION = YES;
				CLANG_WARN_NON_LITERAL_NULL_CONVERSION = YES;
				CLANG_WARN_OBJC_IMPLICIT_RETAIN_SELF = YES;
				CLANG_WARN_OBJC_LITERAL_CONVERSION = YES;
				CLANG_WARN_OBJC_ROOT_CLASS = YES_ERROR;
				CLANG_WARN_RANGE_LOOP_ANALYSIS = YES;
				CLANG_WARN_STRICT_PROTOTYPES = YES;
				CLANG_WARN_SUSPICIOUS_MOVE = YES;
				CLANG_WARN_UNGUARDED_AVAILABILITY = YES_AGGRESSIVE;
				CLANG_WARN_UNREACHABLE_CODE = YES;
				CLANG_WARN__DUPLICATE_METHOD_MATCH = YES;
				COPY_PHASE_STRIP = NO;
				DEBUG_INFORMATION_FORMAT = dwarf;
				ENABLE_STRICT_OBJC_MSGSEND = YES;
				ENABLE_TESTABILITY = YES;
				GCC_C_LANGUAGE_STANDARD = gnu11;
				GCC_DYNAMIC_NO_PIC = NO;
				GCC_NO_COMMON_BLOCKS = YES;
				GCC_OPTIMIZATION_LEVEL = 0;
				GCC_PREPROCESSOR_DEFINITIONS = (
					"DEBUG=1",
					"$(inherited)",
				);
				GCC_WARN_64_TO_32_BIT_CONVERSION = YES;
				GCC_WARN_ABOUT_RETURN_TYPE = YES_ERROR;
				GCC_WARN_UNDECLARED_SELECTOR = YES;
				GCC_WARN_UNINITIALIZED_AUTOS = YES_AGGRESSIVE;
				GCC_WARN_UNUSED_FUNCTION = YES;
				GCC_WARN_UNUSED_VARIABLE = YES;
				IPHONEOS_DEPLOYMENT_TARGET = 13.5;
				MTL_ENABLE_DEBUG_INFO = INCLUDE_SOURCE;
				MTL_FAST_MATH = YES;
				ONLY_ACTIVE_ARCH = YES;
				SDKROOT = iphoneos;
			};
			name = Debug;
		};
		7F01E5EF24B3845A007284A1 /* Release */ = {
			isa = XCBuildConfiguration;
			buildSettings = {
				ALWAYS_SEARCH_USER_PATHS = NO;
				CLANG_ANALYZER_NONNULL = YES;
				CLANG_ANALYZER_NUMBER_OBJECT_CONVERSION = YES_AGGRESSIVE;
				CLANG_CXX_LANGUAGE_STANDARD = "gnu++14";
				CLANG_CXX_LIBRARY = "libc++";
				CLANG_ENABLE_MODULES = YES;
				CLANG_ENABLE_OBJC_ARC = YES;
				CLANG_ENABLE_OBJC_WEAK = YES;
				CLANG_WARN_BLOCK_CAPTURE_AUTORELEASING = YES;
				CLANG_WARN_BOOL_CONVERSION = YES;
				CLANG_WARN_COMMA = YES;
				CLANG_WARN_CONSTANT_CONVERSION = YES;
				CLANG_WARN_DEPRECATED_OBJC_IMPLEMENTATIONS = YES;
				CLANG_WARN_DIRECT_OBJC_ISA_USAGE = YES_ERROR;
				CLANG_WARN_DOCUMENTATION_COMMENTS = YES;
				CLANG_WARN_EMPTY_BODY = YES;
				CLANG_WARN_ENUM_CONVERSION = YES;
				CLANG_WARN_INFINITE_RECURSION = YES;
				CLANG_WARN_INT_CONVERSION = YES;
				CLANG_WARN_NON_LITERAL_NULL_CONVERSION = YES;
				CLANG_WARN_OBJC_IMPLICIT_RETAIN_SELF = YES;
				CLANG_WARN_OBJC_LITERAL_CONVERSION = YES;
				CLANG_WARN_OBJC_ROOT_CLASS = YES_ERROR;
				CLANG_WARN_RANGE_LOOP_ANALYSIS = YES;
				CLANG_WARN_STRICT_PROTOTYPES = YES;
				CLANG_WARN_SUSPICIOUS_MOVE = YES;
				CLANG_WARN_UNGUARDED_AVAILABILITY = YES_AGGRESSIVE;
				CLANG_WARN_UNREACHABLE_CODE = YES;
				CLANG_WARN__DUPLICATE_METHOD_MATCH = YES;
				COPY_PHASE_STRIP = NO;
				DEBUG_INFORMATION_FORMAT = "dwarf-with-dsym";
				ENABLE_NS_ASSERTIONS = NO;
				ENABLE_STRICT_OBJC_MSGSEND = YES;
				GCC_C_LANGUAGE_STANDARD = gnu11;
				GCC_NO_COMMON_BLOCKS = YES;
				GCC_WARN_64_TO_32_BIT_CONVERSION = YES;
				GCC_WARN_ABOUT_RETURN_TYPE = YES_ERROR;
				GCC_WARN_UNDECLARED_SELECTOR = YES;
				GCC_WARN_UNINITIALIZED_AUTOS = YES_AGGRESSIVE;
				GCC_WARN_UNUSED_FUNCTION = YES;
				GCC_WARN_UNUSED_VARIABLE = YES;
				IPHONEOS_DEPLOYMENT_TARGET = 13.5;
				MTL_ENABLE_DEBUG_INFO = NO;
				MTL_FAST_MATH = YES;
				SDKROOT = iphoneos;
				VALIDATE_PRODUCT = YES;
			};
			name = Release;
		};
		7F01E5F124B3845A007284A1 /* Debug */ = {
			isa = XCBuildConfiguration;
			baseConfigurationReference = E817F1AD13F7C05D838B8912 /* Pods-Parse Chat.debug.xcconfig */;
			buildSettings = {
				ASSETCATALOG_COMPILER_APPICON_NAME = AppIcon;
				CODE_SIGN_STYLE = Automatic;
				INFOPLIST_FILE = "Parse Chat/Info.plist";
				LD_RUNPATH_SEARCH_PATHS = (
					"$(inherited)",
					"@executable_path/Frameworks",
				);
				PRODUCT_BUNDLE_IDENTIFIER = "brm14.Parse-Chat";
				PRODUCT_NAME = "$(TARGET_NAME)";
				TARGETED_DEVICE_FAMILY = "1,2";
			};
			name = Debug;
		};
		7F01E5F224B3845A007284A1 /* Release */ = {
			isa = XCBuildConfiguration;
			baseConfigurationReference = C16E43CE39ECBE4F5E76FF9B /* Pods-Parse Chat.release.xcconfig */;
			buildSettings = {
				ASSETCATALOG_COMPILER_APPICON_NAME = AppIcon;
				CODE_SIGN_STYLE = Automatic;
				INFOPLIST_FILE = "Parse Chat/Info.plist";
				LD_RUNPATH_SEARCH_PATHS = (
					"$(inherited)",
					"@executable_path/Frameworks",
				);
				PRODUCT_BUNDLE_IDENTIFIER = "brm14.Parse-Chat";
				PRODUCT_NAME = "$(TARGET_NAME)";
				TARGETED_DEVICE_FAMILY = "1,2";
			};
			name = Release;
		};
		7F01E5F424B3845A007284A1 /* Debug */ = {
			isa = XCBuildConfiguration;
			baseConfigurationReference = EE9F652784138A7835882C7C /* Pods-Parse ChatTests.debug.xcconfig */;
			buildSettings = {
				BUNDLE_LOADER = "$(TEST_HOST)";
				CODE_SIGN_STYLE = Automatic;
				INFOPLIST_FILE = "Parse ChatTests/Info.plist";
				IPHONEOS_DEPLOYMENT_TARGET = 13.5;
				LD_RUNPATH_SEARCH_PATHS = (
					"$(inherited)",
					"@executable_path/Frameworks",
					"@loader_path/Frameworks",
				);
				PRODUCT_BUNDLE_IDENTIFIER = "brm14.Parse-ChatTests";
				PRODUCT_NAME = "$(TARGET_NAME)";
				TARGETED_DEVICE_FAMILY = "1,2";
				TEST_HOST = "$(BUILT_PRODUCTS_DIR)/Parse Chat.app/Parse Chat";
			};
			name = Debug;
		};
		7F01E5F524B3845A007284A1 /* Release */ = {
			isa = XCBuildConfiguration;
			baseConfigurationReference = 09B932D715A7EC53CA3D4237 /* Pods-Parse ChatTests.release.xcconfig */;
			buildSettings = {
				BUNDLE_LOADER = "$(TEST_HOST)";
				CODE_SIGN_STYLE = Automatic;
				INFOPLIST_FILE = "Parse ChatTests/Info.plist";
				IPHONEOS_DEPLOYMENT_TARGET = 13.5;
				LD_RUNPATH_SEARCH_PATHS = (
					"$(inherited)",
					"@executable_path/Frameworks",
					"@loader_path/Frameworks",
				);
				PRODUCT_BUNDLE_IDENTIFIER = "brm14.Parse-ChatTests";
				PRODUCT_NAME = "$(TARGET_NAME)";
				TARGETED_DEVICE_FAMILY = "1,2";
				TEST_HOST = "$(BUILT_PRODUCTS_DIR)/Parse Chat.app/Parse Chat";
			};
			name = Release;
		};
		7F01E5F724B3845A007284A1 /* Debug */ = {
			isa = XCBuildConfiguration;
			baseConfigurationReference = 995A50CEA5C56B7E6B82D2CB /* Pods-Parse Chat-Parse ChatUITests.debug.xcconfig */;
			buildSettings = {
				CODE_SIGN_STYLE = Automatic;
				INFOPLIST_FILE = "Parse ChatUITests/Info.plist";
				LD_RUNPATH_SEARCH_PATHS = (
					"$(inherited)",
					"@executable_path/Frameworks",
					"@loader_path/Frameworks",
				);
				PRODUCT_BUNDLE_IDENTIFIER = "brm14.Parse-ChatUITests";
				PRODUCT_NAME = "$(TARGET_NAME)";
				TARGETED_DEVICE_FAMILY = "1,2";
				TEST_TARGET_NAME = "Parse Chat";
			};
			name = Debug;
		};
		7F01E5F824B3845A007284A1 /* Release */ = {
			isa = XCBuildConfiguration;
			baseConfigurationReference = 5988767BAF9E92E8837C982B /* Pods-Parse Chat-Parse ChatUITests.release.xcconfig */;
			buildSettings = {
				CODE_SIGN_STYLE = Automatic;
				INFOPLIST_FILE = "Parse ChatUITests/Info.plist";
				LD_RUNPATH_SEARCH_PATHS = (
					"$(inherited)",
					"@executable_path/Frameworks",
					"@loader_path/Frameworks",
				);
				PRODUCT_BUNDLE_IDENTIFIER = "brm14.Parse-ChatUITests";
				PRODUCT_NAME = "$(TARGET_NAME)";
				TARGETED_DEVICE_FAMILY = "1,2";
				TEST_TARGET_NAME = "Parse Chat";
			};
			name = Release;
		};
/* End XCBuildConfiguration section */

/* Begin XCConfigurationList section */
		7F01E5BC24B38459007284A1 /* Build configuration list for PBXProject "Parse Chat" */ = {
			isa = XCConfigurationList;
			buildConfigurations = (
				7F01E5EE24B3845A007284A1 /* Debug */,
				7F01E5EF24B3845A007284A1 /* Release */,
			);
			defaultConfigurationIsVisible = 0;
			defaultConfigurationName = Release;
		};
		7F01E5F024B3845A007284A1 /* Build configuration list for PBXNativeTarget "Parse Chat" */ = {
			isa = XCConfigurationList;
			buildConfigurations = (
				7F01E5F124B3845A007284A1 /* Debug */,
				7F01E5F224B3845A007284A1 /* Release */,
			);
			defaultConfigurationIsVisible = 0;
			defaultConfigurationName = Release;
		};
		7F01E5F324B3845A007284A1 /* Build configuration list for PBXNativeTarget "Parse ChatTests" */ = {
			isa = XCConfigurationList;
			buildConfigurations = (
				7F01E5F424B3845A007284A1 /* Debug */,
				7F01E5F524B3845A007284A1 /* Release */,
			);
			defaultConfigurationIsVisible = 0;
			defaultConfigurationName = Release;
		};
		7F01E5F624B3845A007284A1 /* Build configuration list for PBXNativeTarget "Parse ChatUITests" */ = {
			isa = XCConfigurationList;
			buildConfigurations = (
				7F01E5F724B3845A007284A1 /* Debug */,
				7F01E5F824B3845A007284A1 /* Release */,
			);
			defaultConfigurationIsVisible = 0;
			defaultConfigurationName = Release;
		};
/* End XCConfigurationList section */
	};
	rootObject = 7F01E5B924B38459007284A1 /* Project object */;
}
